// !$*UTF8*$!
{
	archiveVersion = 1;
	classes = {
	};
	objectVersion = 56;
	objects = {

/* Begin PBXBuildFile section */
		633D38393CE1E2CF9C7A47FB /* Pods_Meri_Money.framework in Frameworks */ = {isa = PBXBuildFile; fileRef = DA8FB9BBB4B83398EBF2B7B5 /* Pods_Meri_Money.framework */; };
		AEB47E022A1F797E00812FCF /* AppDelegate.swift in Sources */ = {isa = PBXBuildFile; fileRef = AEB47E012A1F797E00812FCF /* AppDelegate.swift */; };
		AEB47E042A1F797E00812FCF /* SceneDelegate.swift in Sources */ = {isa = PBXBuildFile; fileRef = AEB47E032A1F797E00812FCF /* SceneDelegate.swift */; };
		AEB47E062A1F797E00812FCF /* ViewController.swift in Sources */ = {isa = PBXBuildFile; fileRef = AEB47E052A1F797E00812FCF /* ViewController.swift */; };
		AEB47E092A1F797E00812FCF /* Main.storyboard in Resources */ = {isa = PBXBuildFile; fileRef = AEB47E072A1F797E00812FCF /* Main.storyboard */; };
		AEB47E0C2A1F797E00812FCF /* Meri_Money.xcdatamodeld in Sources */ = {isa = PBXBuildFile; fileRef = AEB47E0A2A1F797E00812FCF /* Meri_Money.xcdatamodeld */; };
		AEB47E0E2A1F797E00812FCF /* Assets.xcassets in Resources */ = {isa = PBXBuildFile; fileRef = AEB47E0D2A1F797E00812FCF /* Assets.xcassets */; };
		AEB47E112A1F797E00812FCF /* LaunchScreen.storyboard in Resources */ = {isa = PBXBuildFile; fileRef = AEB47E0F2A1F797E00812FCF /* LaunchScreen.storyboard */; };
		AED8B4882A20752C00658E0E /* SignUpViewController.swift in Sources */ = {isa = PBXBuildFile; fileRef = AED8B4872A20752C00658E0E /* SignUpViewController.swift */; };
/* End PBXBuildFile section */

/* Begin PBXFileReference section */
		AB2524E43E0D95A92ADBA3AE /* Pods-Meri Money.release.xcconfig */ = {isa = PBXFileReference; includeInIndex = 1; lastKnownFileType = text.xcconfig; name = "Pods-Meri Money.release.xcconfig"; path = "Target Support Files/Pods-Meri Money/Pods-Meri Money.release.xcconfig"; sourceTree = "<group>"; };
		AEB47DFE2A1F797E00812FCF /* Meri Money.app */ = {isa = PBXFileReference; explicitFileType = wrapper.application; includeInIndex = 0; path = "Meri Money.app"; sourceTree = BUILT_PRODUCTS_DIR; };
		AEB47E012A1F797E00812FCF /* AppDelegate.swift */ = {isa = PBXFileReference; lastKnownFileType = sourcecode.swift; path = AppDelegate.swift; sourceTree = "<group>"; };
		AEB47E032A1F797E00812FCF /* SceneDelegate.swift */ = {isa = PBXFileReference; lastKnownFileType = sourcecode.swift; path = SceneDelegate.swift; sourceTree = "<group>"; };
		AEB47E052A1F797E00812FCF /* ViewController.swift */ = {isa = PBXFileReference; lastKnownFileType = sourcecode.swift; path = ViewController.swift; sourceTree = "<group>"; };
		AEB47E082A1F797E00812FCF /* Base */ = {isa = PBXFileReference; lastKnownFileType = file.storyboard; name = Base; path = Base.lproj/Main.storyboard; sourceTree = "<group>"; };
		AEB47E0B2A1F797E00812FCF /* Meri_Money.xcdatamodel */ = {isa = PBXFileReference; lastKnownFileType = wrapper.xcdatamodel; path = Meri_Money.xcdatamodel; sourceTree = "<group>"; };
		AEB47E0D2A1F797E00812FCF /* Assets.xcassets */ = {isa = PBXFileReference; lastKnownFileType = folder.assetcatalog; path = Assets.xcassets; sourceTree = "<group>"; };
		AEB47E102A1F797E00812FCF /* Base */ = {isa = PBXFileReference; lastKnownFileType = file.storyboard; name = Base; path = Base.lproj/LaunchScreen.storyboard; sourceTree = "<group>"; };
		AEB47E122A1F797E00812FCF /* Info.plist */ = {isa = PBXFileReference; lastKnownFileType = text.plist.xml; path = Info.plist; sourceTree = "<group>"; };
		AED8B4872A20752C00658E0E /* SignUpViewController.swift */ = {isa = PBXFileReference; fileEncoding = 4; lastKnownFileType = sourcecode.swift; name = SignUpViewController.swift; path = "Meri Money/SignUpViewController.swift"; sourceTree = SOURCE_ROOT; };
		BEF39B49092E8FD2A585A97C /* Pods-Meri Money.debug.xcconfig */ = {isa = PBXFileReference; includeInIndex = 1; lastKnownFileType = text.xcconfig; name = "Pods-Meri Money.debug.xcconfig"; path = "Target Support Files/Pods-Meri Money/Pods-Meri Money.debug.xcconfig"; sourceTree = "<group>"; };
		DA8FB9BBB4B83398EBF2B7B5 /* Pods_Meri_Money.framework */ = {isa = PBXFileReference; explicitFileType = wrapper.framework; includeInIndex = 0; path = Pods_Meri_Money.framework; sourceTree = BUILT_PRODUCTS_DIR; };
/* End PBXFileReference section */

/* Begin PBXFrameworksBuildPhase section */
		AEB47DFB2A1F797E00812FCF /* Frameworks */ = {
			isa = PBXFrameworksBuildPhase;
			buildActionMask = 2147483647;
			files = (
				633D38393CE1E2CF9C7A47FB /* Pods_Meri_Money.framework in Frameworks */,
			);
			runOnlyForDeploymentPostprocessing = 0;
		};
/* End PBXFrameworksBuildPhase section */

/* Begin PBXGroup section */
		560756D7E52FCFFDD9319430 /* Pods */ = {
			isa = PBXGroup;
			children = (
				BEF39B49092E8FD2A585A97C /* Pods-Meri Money.debug.xcconfig */,
				AB2524E43E0D95A92ADBA3AE /* Pods-Meri Money.release.xcconfig */,
			);
			name = Pods;
			path = Pods;
			sourceTree = "<group>";
		};
		AEB47DF52A1F797E00812FCF = {
			isa = PBXGroup;
			children = (
				AEB47E002A1F797E00812FCF /* Meri Money */,
				AEB47DFF2A1F797E00812FCF /* Products */,
				560756D7E52FCFFDD9319430 /* Pods */,
				B9BA11C48C1422BFA7827402 /* Frameworks */,
			);
			sourceTree = "<group>";
		};
		AEB47DFF2A1F797E00812FCF /* Products */ = {
			isa = PBXGroup;
			children = (
				AEB47DFE2A1F797E00812FCF /* Meri Money.app */,
			);
			name = Products;
			sourceTree = "<group>";
		};
		AEB47E002A1F797E00812FCF /* Meri Money */ = {
			isa = PBXGroup;
			children = (
				AED8B4822A20745000658E0E /* Ui */,
				AEB47E012A1F797E00812FCF /* AppDelegate.swift */,
				AEB47E032A1F797E00812FCF /* SceneDelegate.swift */,
				AEB47E052A1F797E00812FCF /* ViewController.swift */,
				AEB47E072A1F797E00812FCF /* Main.storyboard */,
				AEB47E0D2A1F797E00812FCF /* Assets.xcassets */,
				AEB47E0F2A1F797E00812FCF /* LaunchScreen.storyboard */,
				AEB47E122A1F797E00812FCF /* Info.plist */,
				AEB47E0A2A1F797E00812FCF /* Meri_Money.xcdatamodeld */,
			);
			path = "Meri Money";
			sourceTree = "<group>";
		};
		AED8B4822A20745000658E0E /* Ui */ = {
			isa = PBXGroup;
			children = (
				AED8B4832A20747F00658E0E /* AuthScreens */,
			);
			path = Ui;
			sourceTree = "<group>";
		};
		AED8B4832A20747F00658E0E /* AuthScreens */ = {
			isa = PBXGroup;
			children = (
				AED8B4872A20752C00658E0E /* SignUpViewController.swift */,
			);
			path = AuthScreens;
			sourceTree = "<group>";
		};
		B9BA11C48C1422BFA7827402 /* Frameworks */ = {
			isa = PBXGroup;
			children = (
				DA8FB9BBB4B83398EBF2B7B5 /* Pods_Meri_Money.framework */,
			);
			name = Frameworks;
			sourceTree = "<group>";
		};
/* End PBXGroup section */

/* Begin PBXNativeTarget section */
		AEB47DFD2A1F797E00812FCF /* Meri Money */ = {
			isa = PBXNativeTarget;
			buildConfigurationList = AEB47E152A1F797E00812FCF /* Build configuration list for PBXNativeTarget "Meri Money" */;
			buildPhases = (
				ACB2FF9891FF123AAC568FFC /* [CP] Check Pods Manifest.lock */,
				AEB47DFA2A1F797E00812FCF /* Sources */,
				AEB47DFB2A1F797E00812FCF /* Frameworks */,
				AEB47DFC2A1F797E00812FCF /* Resources */,
				2B5A9982CC414FE3E5C6D712 /* [CP] Embed Pods Frameworks */,
			);
			buildRules = (
			);
			dependencies = (
			);
			name = "Meri Money";
			productName = "Meri Money";
			productReference = AEB47DFE2A1F797E00812FCF /* Meri Money.app */;
			productType = "com.apple.product-type.application";
		};
/* End PBXNativeTarget section */

/* Begin PBXProject section */
		AEB47DF62A1F797E00812FCF /* Project object */ = {
			isa = PBXProject;
			attributes = {
				BuildIndependentTargetsInParallel = 1;
				LastSwiftUpdateCheck = 1420;
				LastUpgradeCheck = 1420;
				TargetAttributes = {
					AEB47DFD2A1F797E00812FCF = {
						CreatedOnToolsVersion = 14.2;
					};
				};
			};
			buildConfigurationList = AEB47DF92A1F797E00812FCF /* Build configuration list for PBXProject "Meri Money" */;
			compatibilityVersion = "Xcode 14.0";
			developmentRegion = en;
			hasScannedForEncodings = 0;
			knownRegions = (
				en,
				Base,
			);
			mainGroup = AEB47DF52A1F797E00812FCF;
			productRefGroup = AEB47DFF2A1F797E00812FCF /* Products */;
			projectDirPath = "";
			projectRoot = "";
			targets = (
				AEB47DFD2A1F797E00812FCF /* Meri Money */,
			);
		};
/* End PBXProject section */

/* Begin PBXResourcesBuildPhase section */
		AEB47DFC2A1F797E00812FCF /* Resources */ = {
			isa = PBXResourcesBuildPhase;
			buildActionMask = 2147483647;
			files = (
				AEB47E112A1F797E00812FCF /* LaunchScreen.storyboard in Resources */,
				AEB47E0E2A1F797E00812FCF /* Assets.xcassets in Resources */,
				AEB47E092A1F797E00812FCF /* Main.storyboard in Resources */,
			);
			runOnlyForDeploymentPostprocessing = 0;
		};
/* End PBXResourcesBuildPhase section */

/* Begin PBXShellScriptBuildPhase section */
		2B5A9982CC414FE3E5C6D712 /* [CP] Embed Pods Frameworks */ = {
			isa = PBXShellScriptBuildPhase;
			buildActionMask = 2147483647;
			files = (
			);
			inputFileListPaths = (
				"${PODS_ROOT}/Target Support Files/Pods-Meri Money/Pods-Meri Money-frameworks-${CONFIGURATION}-input-files.xcfilelist",
			);
			name = "[CP] Embed Pods Frameworks";
			outputFileListPaths = (
				"${PODS_ROOT}/Target Support Files/Pods-Meri Money/Pods-Meri Money-frameworks-${CONFIGURATION}-output-files.xcfilelist",
			);
			runOnlyForDeploymentPostprocessing = 0;
			shellPath = /bin/sh;
			shellScript = "\"${PODS_ROOT}/Target Support Files/Pods-Meri Money/Pods-Meri Money-frameworks.sh\"\n";
			showEnvVarsInLog = 0;
		};
		ACB2FF9891FF123AAC568FFC /* [CP] Check Pods Manifest.lock */ = {
			isa = PBXShellScriptBuildPhase;
			buildActionMask = 2147483647;
			files = (
			);
			inputFileListPaths = (
			);
			inputPaths = (
				"${PODS_PODFILE_DIR_PATH}/Podfile.lock",
				"${PODS_ROOT}/Manifest.lock",
			);
			name = "[CP] Check Pods Manifest.lock";
			outputFileListPaths = (
			);
			outputPaths = (
				"$(DERIVED_FILE_DIR)/Pods-Meri Money-checkManifestLockResult.txt",
			);
			runOnlyForDeploymentPostprocessing = 0;
			shellPath = /bin/sh;
			shellScript = "diff \"${PODS_PODFILE_DIR_PATH}/Podfile.lock\" \"${PODS_ROOT}/Manifest.lock\" > /dev/null\nif [ $? != 0 ] ; then\n    # print error to STDERR\n    echo \"error: The sandbox is not in sync with the Podfile.lock. Run 'pod install' or update your CocoaPods installation.\" >&2\n    exit 1\nfi\n# This output is used by Xcode 'outputs' to avoid re-running this script phase.\necho \"SUCCESS\" > \"${SCRIPT_OUTPUT_FILE_0}\"\n";
			showEnvVarsInLog = 0;
		};
/* End PBXShellScriptBuildPhase section */

/* Begin PBXSourcesBuildPhase section */
		AEB47DFA2A1F797E00812FCF /* Sources */ = {
			isa = PBXSourcesBuildPhase;
			buildActionMask = 2147483647;
			files = (
				AEB47E062A1F797E00812FCF /* ViewController.swift in Sources */,
				AEB47E022A1F797E00812FCF /* AppDelegate.swift in Sources */,
				AEB47E042A1F797E00812FCF /* SceneDelegate.swift in Sources */,
				AEB47E0C2A1F797E00812FCF /* Meri_Money.xcdatamodeld in Sources */,
				AED8B4882A20752C00658E0E /* SignUpViewController.swift in Sources */,
			);
			runOnlyForDeploymentPostprocessing = 0;
		};
/* End PBXSourcesBuildPhase section */

/* Begin PBXVariantGroup section */
		AEB47E072A1F797E00812FCF /* Main.storyboard */ = {
			isa = PBXVariantGroup;
			children = (
				AEB47E082A1F797E00812FCF /* Base */,
			);
			name = Main.storyboard;
			sourceTree = "<group>";
		};
		AEB47E0F2A1F797E00812FCF /* LaunchScreen.storyboard */ = {
			isa = PBXVariantGroup;
			children = (
				AEB47E102A1F797E00812FCF /* Base */,
			);
			name = LaunchScreen.storyboard;
			sourceTree = "<group>";
		};
/* End PBXVariantGroup section */

/* Begin XCBuildConfiguration section */
		AEB47E132A1F797E00812FCF /* Debug */ = {
			isa = XCBuildConfiguration;
			buildSettings = {
				ALWAYS_SEARCH_USER_PATHS = NO;
				CLANG_ANALYZER_NONNULL = YES;
				CLANG_ANALYZER_NUMBER_OBJECT_CONVERSION = YES_AGGRESSIVE;
				CLANG_CXX_LANGUAGE_STANDARD = "gnu++20";
				CLANG_ENABLE_MODULES = YES;
				CLANG_ENABLE_OBJC_ARC = YES;
				CLANG_ENABLE_OBJC_WEAK = YES;
				CLANG_WARN_BLOCK_CAPTURE_AUTORELEASING = YES;
				CLANG_WARN_BOOL_CONVERSION = YES;
				CLANG_WARN_COMMA = YES;
				CLANG_WARN_CONSTANT_CONVERSION = YES;
				CLANG_WARN_DEPRECATED_OBJC_IMPLEMENTATIONS = YES;
				CLANG_WARN_DIRECT_OBJC_ISA_USAGE = YES_ERROR;
				CLANG_WARN_DOCUMENTATION_COMMENTS = YES;
				CLANG_WARN_EMPTY_BODY = YES;
				CLANG_WARN_ENUM_CONVERSION = YES;
				CLANG_WARN_INFINITE_RECURSION = YES;
				CLANG_WARN_INT_CONVERSION = YES;
				CLANG_WARN_NON_LITERAL_NULL_CONVERSION = YES;
				CLANG_WARN_OBJC_IMPLICIT_RETAIN_SELF = YES;
				CLANG_WARN_OBJC_LITERAL_CONVERSION = YES;
				CLANG_WARN_OBJC_ROOT_CLASS = YES_ERROR;
				CLANG_WARN_QUOTED_INCLUDE_IN_FRAMEWORK_HEADER = YES;
				CLANG_WARN_RANGE_LOOP_ANALYSIS = YES;
				CLANG_WARN_STRICT_PROTOTYPES = YES;
				CLANG_WARN_SUSPICIOUS_MOVE = YES;
				CLANG_WARN_UNGUARDED_AVAILABILITY = YES_AGGRESSIVE;
				CLANG_WARN_UNREACHABLE_CODE = YES;
				CLANG_WARN__DUPLICATE_METHOD_MATCH = YES;
				COPY_PHASE_STRIP = NO;
				DEBUG_INFORMATION_FORMAT = dwarf;
				ENABLE_STRICT_OBJC_MSGSEND = YES;
				ENABLE_TESTABILITY = YES;
				GCC_C_LANGUAGE_STANDARD = gnu11;
				GCC_DYNAMIC_NO_PIC = NO;
				GCC_NO_COMMON_BLOCKS = YES;
				GCC_OPTIMIZATION_LEVEL = 0;
				GCC_PREPROCESSOR_DEFINITIONS = (
					"DEBUG=1",
					"$(inherited)",
				);
				GCC_WARN_64_TO_32_BIT_CONVERSION = YES;
				GCC_WARN_ABOUT_RETURN_TYPE = YES_ERROR;
				GCC_WARN_UNDECLARED_SELECTOR = YES;
				GCC_WARN_UNINITIALIZED_AUTOS = YES_AGGRESSIVE;
				GCC_WARN_UNUSED_FUNCTION = YES;
				GCC_WARN_UNUSED_VARIABLE = YES;
				IPHONEOS_DEPLOYMENT_TARGET = 16.2;
				MTL_ENABLE_DEBUG_INFO = INCLUDE_SOURCE;
				MTL_FAST_MATH = YES;
				ONLY_ACTIVE_ARCH = YES;
				SDKROOT = iphoneos;
				SWIFT_ACTIVE_COMPILATION_CONDITIONS = DEBUG;
				SWIFT_OPTIMIZATION_LEVEL = "-Onone";
			};
			name = Debug;
		};
		AEB47E142A1F797E00812FCF /* Release */ = {
			isa = XCBuildConfiguration;
			buildSettings = {
				ALWAYS_SEARCH_USER_PATHS = NO;
				CLANG_ANALYZER_NONNULL = YES;
				CLANG_ANALYZER_NUMBER_OBJECT_CONVERSION = YES_AGGRESSIVE;
				CLANG_CXX_LANGUAGE_STANDARD = "gnu++20";
				CLANG_ENABLE_MODULES = YES;
				CLANG_ENABLE_OBJC_ARC = YES;
				CLANG_ENABLE_OBJC_WEAK = YES;
				CLANG_WARN_BLOCK_CAPTURE_AUTORELEASING = YES;
				CLANG_WARN_BOOL_CONVERSION = YES;
				CLANG_WARN_COMMA = YES;
				CLANG_WARN_CONSTANT_CONVERSION = YES;
				CLANG_WARN_DEPRECATED_OBJC_IMPLEMENTATIONS = YES;
				CLANG_WARN_DIRECT_OBJC_ISA_USAGE = YES_ERROR;
				CLANG_WARN_DOCUMENTATION_COMMENTS = YES;
				CLANG_WARN_EMPTY_BODY = YES;
				CLANG_WARN_ENUM_CONVERSION = YES;
				CLANG_WARN_INFINITE_RECURSION = YES;
				CLANG_WARN_INT_CONVERSION = YES;
				CLANG_WARN_NON_LITERAL_NULL_CONVERSION = YES;
				CLANG_WARN_OBJC_IMPLICIT_RETAIN_SELF = YES;
				CLANG_WARN_OBJC_LITERAL_CONVERSION = YES;
				CLANG_WARN_OBJC_ROOT_CLASS = YES_ERROR;
				CLANG_WARN_QUOTED_INCLUDE_IN_FRAMEWORK_HEADER = YES;
				CLANG_WARN_RANGE_LOOP_ANALYSIS = YES;
				CLANG_WARN_STRICT_PROTOTYPES = YES;
				CLANG_WARN_SUSPICIOUS_MOVE = YES;
				CLANG_WARN_UNGUARDED_AVAILABILITY = YES_AGGRESSIVE;
				CLANG_WARN_UNREACHABLE_CODE = YES;
				CLANG_WARN__DUPLICATE_METHOD_MATCH = YES;
				COPY_PHASE_STRIP = NO;
				DEBUG_INFORMATION_FORMAT = "dwarf-with-dsym";
				ENABLE_NS_ASSERTIONS = NO;
				ENABLE_STRICT_OBJC_MSGSEND = YES;
				GCC_C_LANGUAGE_STANDARD = gnu11;
				GCC_NO_COMMON_BLOCKS = YES;
				GCC_WARN_64_TO_32_BIT_CONVERSION = YES;
				GCC_WARN_ABOUT_RETURN_TYPE = YES_ERROR;
				GCC_WARN_UNDECLARED_SELECTOR = YES;
				GCC_WARN_UNINITIALIZED_AUTOS = YES_AGGRESSIVE;
				GCC_WARN_UNUSED_FUNCTION = YES;
				GCC_WARN_UNUSED_VARIABLE = YES;
				IPHONEOS_DEPLOYMENT_TARGET = 16.2;
				MTL_ENABLE_DEBUG_INFO = NO;
				MTL_FAST_MATH = YES;
				SDKROOT = iphoneos;
				SWIFT_COMPILATION_MODE = wholemodule;
				SWIFT_OPTIMIZATION_LEVEL = "-O";
				VALIDATE_PRODUCT = YES;
			};
			name = Release;
		};
		AEB47E162A1F797E00812FCF /* Debug */ = {
			isa = XCBuildConfiguration;
			baseConfigurationReference = BEF39B49092E8FD2A585A97C /* Pods-Meri Money.debug.xcconfig */;
			buildSettings = {
				ASSETCATALOG_COMPILER_APPICON_NAME = AppIcon;
				ASSETCATALOG_COMPILER_GLOBAL_ACCENT_COLOR_NAME = AccentColor;
				CODE_SIGN_STYLE = Automatic;
				CURRENT_PROJECT_VERSION = 1;
				DEVELOPMENT_TEAM = 4B3Y5522W3;
				GENERATE_INFOPLIST_FILE = YES;
				INFOPLIST_FILE = "Meri Money/Info.plist";
				INFOPLIST_KEY_CFBundleDisplayName = "Meri Money";
				INFOPLIST_KEY_UIApplicationSupportsIndirectInputEvents = YES;
				INFOPLIST_KEY_UILaunchStoryboardName = LaunchScreen;
				INFOPLIST_KEY_UIMainStoryboardFile = Main;
				INFOPLIST_KEY_UISupportedInterfaceOrientations_iPad = "UIInterfaceOrientationPortrait UIInterfaceOrientationPortraitUpsideDown UIInterfaceOrientationLandscapeLeft UIInterfaceOrientationLandscapeRight";
				INFOPLIST_KEY_UISupportedInterfaceOrientations_iPhone = "UIInterfaceOrientationPortrait UIInterfaceOrientationLandscapeLeft UIInterfaceOrientationLandscapeRight";
				LD_RUNPATH_SEARCH_PATHS = (
					"$(inherited)",
					"@executable_path/Frameworks",
				);
				MARKETING_VERSION = 1.0;
				PRODUCT_BUNDLE_IDENTIFIER = "my-self.Meri-Money";
				PRODUCT_NAME = "$(TARGET_NAME)";
				SWIFT_EMIT_LOC_STRINGS = YES;
				SWIFT_VERSION = 5.0;
				TARGETED_DEVICE_FAMILY = "1,2";
			};
			name = Debug;
		};
		AEB47E172A1F797E00812FCF /* Release */ = {
			isa = XCBuildConfiguration;
			baseConfigurationReference = AB2524E43E0D95A92ADBA3AE /* Pods-Meri Money.release.xcconfig */;
			buildSettings = {
				ASSETCATALOG_COMPILER_APPICON_NAME = AppIcon;
				ASSETCATALOG_COMPILER_GLOBAL_ACCENT_COLOR_NAME = AccentColor;
				CODE_SIGN_STYLE = Automatic;
				CURRENT_PROJECT_VERSION = 1;
				DEVELOPMENT_TEAM = 4B3Y5522W3;
				GENERATE_INFOPLIST_FILE = YES;
				INFOPLIST_FILE = "Meri Money/Info.plist";
				INFOPLIST_KEY_CFBundleDisplayName = "Meri Money";
				INFOPLIST_KEY_UIApplicationSupportsIndirectInputEvents = YES;
				INFOPLIST_KEY_UILaunchStoryboardName = LaunchScreen;
				INFOPLIST_KEY_UIMainStoryboardFile = Main;
				INFOPLIST_KEY_UISupportedInterfaceOrientations_iPad = "UIInterfaceOrientationPortrait UIInterfaceOrientationPortraitUpsideDown UIInterfaceOrientationLandscapeLeft UIInterfaceOrientationLandscapeRight";
				INFOPLIST_KEY_UISupportedInterfaceOrientations_iPhone = "UIInterfaceOrientationPortrait UIInterfaceOrientationLandscapeLeft UIInterfaceOrientationLandscapeRight";
				LD_RUNPATH_SEARCH_PATHS = (
					"$(inherited)",
					"@executable_path/Frameworks",
				);
				MARKETING_VERSION = 1.0;
				PRODUCT_BUNDLE_IDENTIFIER = "my-self.Meri-Money";
				PRODUCT_NAME = "$(TARGET_NAME)";
				SWIFT_EMIT_LOC_STRINGS = YES;
				SWIFT_VERSION = 5.0;
				TARGETED_DEVICE_FAMILY = "1,2";
			};
			name = Release;
		};
/* End XCBuildConfiguration section */

/* Begin XCConfigurationList section */
		AEB47DF92A1F797E00812FCF /* Build configuration list for PBXProject "Meri Money" */ = {
			isa = XCConfigurationList;
			buildConfigurations = (
				AEB47E132A1F797E00812FCF /* Debug */,
				AEB47E142A1F797E00812FCF /* Release */,
			);
			defaultConfigurationIsVisible = 0;
			defaultConfigurationName = Release;
		};
		AEB47E152A1F797E00812FCF /* Build configuration list for PBXNativeTarget "Meri Money" */ = {
			isa = XCConfigurationList;
			buildConfigurations = (
				AEB47E162A1F797E00812FCF /* Debug */,
				AEB47E172A1F797E00812FCF /* Release */,
			);
			defaultConfigurationIsVisible = 0;
			defaultConfigurationName = Release;
		};
/* End XCConfigurationList section */

/* Begin XCVersionGroup section */
		AEB47E0A2A1F797E00812FCF /* Meri_Money.xcdatamodeld */ = {
			isa = XCVersionGroup;
			children = (
				AEB47E0B2A1F797E00812FCF /* Meri_Money.xcdatamodel */,
			);
			currentVersion = AEB47E0B2A1F797E00812FCF /* Meri_Money.xcdatamodel */;
			path = Meri_Money.xcdatamodeld;
			sourceTree = "<group>";
			versionGroupType = wrapper.xcdatamodel;
		};
/* End XCVersionGroup section */
	};
	rootObject = AEB47DF62A1F797E00812FCF /* Project object */;
}
